// !$*UTF8*$!
{
	archiveVersion = 1;
	classes = {
	};
	objectVersion = 46;
	objects = {

/* Begin PBXBuildFile section */
		320493E61B3F421F007B35E8 /* AppDelegate.swift in Sources */ = {isa = PBXBuildFile; fileRef = 320493E51B3F421F007B35E8 /* AppDelegate.swift */; };
		320493E81B3F421F007B35E8 /* RootViewController.swift in Sources */ = {isa = PBXBuildFile; fileRef = 320493E71B3F421F007B35E8 /* RootViewController.swift */; };
		320493F11B3F421F007B35E8 /* Images.xcassets in Resources */ = {isa = PBXBuildFile; fileRef = 320493F01B3F421F007B35E8 /* Images.xcassets */; };
		320494001B3F421F007B35E8 /* globe_connectTests.swift in Sources */ = {isa = PBXBuildFile; fileRef = 320493FF1B3F421F007B35E8 /* globe_connectTests.swift */; };
		3242F8EB1BCC660200CF69CA /* Settings.bundle in Resources */ = {isa = PBXBuildFile; fileRef = 3242F8EA1BCC660200CF69CA /* Settings.bundle */; settings = {ASSET_TAGS = (); }; };
		324A56EE1B61A14B007F6DB9 /* Main.storyboard in Resources */ = {isa = PBXBuildFile; fileRef = 324A56ED1B61A14B007F6DB9 /* Main.storyboard */; };
		3271F4931B61921F005401D9 /* LoginViewController.swift in Sources */ = {isa = PBXBuildFile; fileRef = 3271F4921B61921F005401D9 /* LoginViewController.swift */; };
		3271F4951B619430005401D9 /* SignUpViewController.swift in Sources */ = {isa = PBXBuildFile; fileRef = 3271F4941B619430005401D9 /* SignUpViewController.swift */; };
		8424C6E61A1D64EE13C9F7C5 /* Pods.framework in Frameworks */ = {isa = PBXBuildFile; fileRef = A520D3D38BE0F6F44E022913 /* Pods.framework */; };
/* End PBXBuildFile section */

/* Begin PBXContainerItemProxy section */
		320493FA1B3F421F007B35E8 /* PBXContainerItemProxy */ = {
			isa = PBXContainerItemProxy;
			containerPortal = 320493D81B3F421F007B35E8 /* Project object */;
			proxyType = 1;
			remoteGlobalIDString = 320493DF1B3F421F007B35E8;
			remoteInfo = globe_connect;
		};
/* End PBXContainerItemProxy section */

/* Begin PBXFileReference section */
		320493E41B3F421F007B35E8 /* Info.plist */ = {isa = PBXFileReference; lastKnownFileType = text.plist.xml; path = Info.plist; sourceTree = "<group>"; };
		320493E51B3F421F007B35E8 /* AppDelegate.swift */ = {isa = PBXFileReference; lastKnownFileType = sourcecode.swift; path = AppDelegate.swift; sourceTree = "<group>"; };
		320493E71B3F421F007B35E8 /* RootViewController.swift */ = {isa = PBXFileReference; lastKnownFileType = sourcecode.swift; path = RootViewController.swift; sourceTree = "<group>"; };
		320493F01B3F421F007B35E8 /* Images.xcassets */ = {isa = PBXFileReference; lastKnownFileType = folder.assetcatalog; path = Images.xcassets; sourceTree = "<group>"; };
		320493FE1B3F421F007B35E8 /* Info.plist */ = {isa = PBXFileReference; lastKnownFileType = text.plist.xml; path = Info.plist; sourceTree = "<group>"; };
		320493FF1B3F421F007B35E8 /* globe_connectTests.swift */ = {isa = PBXFileReference; lastKnownFileType = sourcecode.swift; path = globe_connectTests.swift; sourceTree = "<group>"; };
		3242F8EA1BCC660200CF69CA /* Settings.bundle */ = {isa = PBXFileReference; lastKnownFileType = "wrapper.plug-in"; name = Settings.bundle; path = ../../../../../Desktop/Settings.bundle; sourceTree = "<group>"; };
		324A56ED1B61A14B007F6DB9 /* Main.storyboard */ = {isa = PBXFileReference; fileEncoding = 4; lastKnownFileType = file.storyboard; path = Main.storyboard; sourceTree = "<group>"; };
		3271F4921B61921F005401D9 /* LoginViewController.swift */ = {isa = PBXFileReference; fileEncoding = 4; lastKnownFileType = sourcecode.swift; path = LoginViewController.swift; sourceTree = "<group>"; };
		3271F4941B619430005401D9 /* SignUpViewController.swift */ = {isa = PBXFileReference; fileEncoding = 4; lastKnownFileType = sourcecode.swift; path = SignUpViewController.swift; sourceTree = "<group>"; };
		32F4C4C41BCC6757002ADB59 /* globe_connect.app */ = {isa = PBXFileReference; explicitFileType = wrapper.application; includeInIndex = 0; path = globe_connect.app; sourceTree = BUILT_PRODUCTS_DIR; };
		32F4C4C51BCC6757002ADB59 /* globe_connectTests.xctest */ = {isa = PBXFileReference; explicitFileType = wrapper.cfbundle; includeInIndex = 0; path = globe_connectTests.xctest; sourceTree = BUILT_PRODUCTS_DIR; };
		A520D3D38BE0F6F44E022913 /* Pods.framework */ = {isa = PBXFileReference; explicitFileType = wrapper.framework; includeInIndex = 0; path = Pods.framework; sourceTree = BUILT_PRODUCTS_DIR; };
		DFA67DC8B23A908164524B5E /* Pods.debug.xcconfig */ = {isa = PBXFileReference; includeInIndex = 1; lastKnownFileType = text.xcconfig; name = Pods.debug.xcconfig; path = "Pods/Target Support Files/Pods/Pods.debug.xcconfig"; sourceTree = "<group>"; };
		F64E0F9AA5C0BD4FCEF19CB4 /* Pods.release.xcconfig */ = {isa = PBXFileReference; includeInIndex = 1; lastKnownFileType = text.xcconfig; name = Pods.release.xcconfig; path = "Pods/Target Support Files/Pods/Pods.release.xcconfig"; sourceTree = "<group>"; };
/* End PBXFileReference section */

/* Begin PBXFrameworksBuildPhase section */
		320493DD1B3F421F007B35E8 /* Frameworks */ = {
			isa = PBXFrameworksBuildPhase;
			buildActionMask = 2147483647;
			files = (
				8424C6E61A1D64EE13C9F7C5 /* Pods.framework in Frameworks */,
			);
			runOnlyForDeploymentPostprocessing = 0;
		};
		320493F61B3F421F007B35E8 /* Frameworks */ = {
			isa = PBXFrameworksBuildPhase;
			buildActionMask = 2147483647;
			files = (
			);
			runOnlyForDeploymentPostprocessing = 0;
		};
/* End PBXFrameworksBuildPhase section */

/* Begin PBXGroup section */
		320493D71B3F421F007B35E8 = {
			isa = PBXGroup;
			children = (
				320493E21B3F421F007B35E8 /* globe_connect */,
				320493FC1B3F421F007B35E8 /* globe_connectTests */,
				64B0FADA94CCC9AD0CD5304E /* Pods */,
				A3A6D2DE7217DAC79E229983 /* Frameworks */,
				32F4C4C41BCC6757002ADB59 /* globe_connect.app */,
				32F4C4C51BCC6757002ADB59 /* globe_connectTests.xctest */,
			);
			sourceTree = "<group>";
		};
		320493E21B3F421F007B35E8 /* globe_connect */ = {
			isa = PBXGroup;
			children = (
				3242F8EA1BCC660200CF69CA /* Settings.bundle */,
				324A56ED1B61A14B007F6DB9 /* Main.storyboard */,
				320493E51B3F421F007B35E8 /* AppDelegate.swift */,
				320493E71B3F421F007B35E8 /* RootViewController.swift */,
				320493F01B3F421F007B35E8 /* Images.xcassets */,
				320493E31B3F421F007B35E8 /* Supporting Files */,
				3271F4921B61921F005401D9 /* LoginViewController.swift */,
				3271F4941B619430005401D9 /* SignUpViewController.swift */,
			);
			path = globe_connect;
			sourceTree = "<group>";
		};
		320493E31B3F421F007B35E8 /* Supporting Files */ = {
			isa = PBXGroup;
			children = (
				320493E41B3F421F007B35E8 /* Info.plist */,
			);
			name = "Supporting Files";
			sourceTree = "<group>";
		};
		320493FC1B3F421F007B35E8 /* globe_connectTests */ = {
			isa = PBXGroup;
			children = (
				320493FF1B3F421F007B35E8 /* globe_connectTests.swift */,
				320493FD1B3F421F007B35E8 /* Supporting Files */,
			);
			path = globe_connectTests;
			sourceTree = "<group>";
		};
		320493FD1B3F421F007B35E8 /* Supporting Files */ = {
			isa = PBXGroup;
			children = (
				320493FE1B3F421F007B35E8 /* Info.plist */,
			);
			name = "Supporting Files";
			sourceTree = "<group>";
		};
		64B0FADA94CCC9AD0CD5304E /* Pods */ = {
			isa = PBXGroup;
			children = (
				DFA67DC8B23A908164524B5E /* Pods.debug.xcconfig */,
				F64E0F9AA5C0BD4FCEF19CB4 /* Pods.release.xcconfig */,
			);
			name = Pods;
			sourceTree = "<group>";
		};
		A3A6D2DE7217DAC79E229983 /* Frameworks */ = {
			isa = PBXGroup;
			children = (
				A520D3D38BE0F6F44E022913 /* Pods.framework */,
			);
			name = Frameworks;
			sourceTree = "<group>";
		};
/* End PBXGroup section */

/* Begin PBXNativeTarget section */
		320493DF1B3F421F007B35E8 /* globe_connect */ = {
			isa = PBXNativeTarget;
			buildConfigurationList = 320494031B3F421F007B35E8 /* Build configuration list for PBXNativeTarget "globe_connect" */;
			buildPhases = (
				0ADDDE092E60B8F9D5FB3C23 /* Check Pods Manifest.lock */,
				320493DC1B3F421F007B35E8 /* Sources */,
				320493DD1B3F421F007B35E8 /* Frameworks */,
				320493DE1B3F421F007B35E8 /* Resources */,
				A9B9AF1701C8499123DFE4AF /* Embed Pods Frameworks */,
				6217B155CEA1236083D38ACA /* Copy Pods Resources */,
			);
			buildRules = (
			);
			dependencies = (
			);
			name = globe_connect;
			productName = globe_connect;
			productReference = 32F4C4C41BCC6757002ADB59 /* globe_connect.app */;
			productType = "com.apple.product-type.application";
		};
		320493F81B3F421F007B35E8 /* globe_connectTests */ = {
			isa = PBXNativeTarget;
			buildConfigurationList = 320494061B3F421F007B35E8 /* Build configuration list for PBXNativeTarget "globe_connectTests" */;
			buildPhases = (
				320493F51B3F421F007B35E8 /* Sources */,
				320493F61B3F421F007B35E8 /* Frameworks */,
				320493F71B3F421F007B35E8 /* Resources */,
			);
			buildRules = (
			);
			dependencies = (
				320493FB1B3F421F007B35E8 /* PBXTargetDependency */,
			);
			name = globe_connectTests;
			productName = globe_connectTests;
			productReference = 32F4C4C51BCC6757002ADB59 /* globe_connectTests.xctest */;
			productType = "com.apple.product-type.bundle.unit-test";
		};
/* End PBXNativeTarget section */

/* Begin PBXProject section */
		320493D81B3F421F007B35E8 /* Project object */ = {
			isa = PBXProject;
			attributes = {
				LastSwiftMigration = 0700;
				LastSwiftUpdateCheck = 0700;
				LastUpgradeCheck = 0700;
				ORGANIZATIONNAME = "Jonas Torfs";
				TargetAttributes = {
					320493DF1B3F421F007B35E8 = {
						CreatedOnToolsVersion = 6.3.2;
					};
					320493F81B3F421F007B35E8 = {
						CreatedOnToolsVersion = 6.3.2;
						TestTargetID = 320493DF1B3F421F007B35E8;
					};
				};
			};
			buildConfigurationList = 320493DB1B3F421F007B35E8 /* Build configuration list for PBXProject "globe_connect" */;
			compatibilityVersion = "Xcode 3.2";
			developmentRegion = English;
			hasScannedForEncodings = 0;
			knownRegions = (
				en,
				Base,
			);
			mainGroup = 320493D71B3F421F007B35E8;
			productRefGroup = 320493D71B3F421F007B35E8;
			projectDirPath = "";
			projectRoot = "";
			targets = (
				320493DF1B3F421F007B35E8 /* globe_connect */,
				320493F81B3F421F007B35E8 /* globe_connectTests */,
			);
		};
/* End PBXProject section */

/* Begin PBXResourcesBuildPhase section */
		320493DE1B3F421F007B35E8 /* Resources */ = {
			isa = PBXResourcesBuildPhase;
			buildActionMask = 2147483647;
			files = (
				320493F11B3F421F007B35E8 /* Images.xcassets in Resources */,
				3242F8EB1BCC660200CF69CA /* Settings.bundle in Resources */,
				324A56EE1B61A14B007F6DB9 /* Main.storyboard in Resources */,
			);
			runOnlyForDeploymentPostprocessing = 0;
		};
		320493F71B3F421F007B35E8 /* Resources */ = {
			isa = PBXResourcesBuildPhase;
			buildActionMask = 2147483647;
			files = (
			);
			runOnlyForDeploymentPostprocessing = 0;
		};
/* End PBXResourcesBuildPhase section */

/* Begin PBXShellScriptBuildPhase section */
		0ADDDE092E60B8F9D5FB3C23 /* Check Pods Manifest.lock */ = {
			isa = PBXShellScriptBuildPhase;
			buildActionMask = 2147483647;
			files = (
			);
			inputPaths = (
			);
			name = "Check Pods Manifest.lock";
			outputPaths = (
			);
			runOnlyForDeploymentPostprocessing = 0;
			shellPath = /bin/sh;
			shellScript = "diff \"${PODS_ROOT}/../Podfile.lock\" \"${PODS_ROOT}/Manifest.lock\" > /dev/null\nif [[ $? != 0 ]] ; then\n    cat << EOM\nerror: The sandbox is not in sync with the Podfile.lock. Run 'pod install' or update your CocoaPods installation.\nEOM\n    exit 1\nfi\n";
			showEnvVarsInLog = 0;
		};
		6217B155CEA1236083D38ACA /* Copy Pods Resources */ = {
			isa = PBXShellScriptBuildPhase;
			buildActionMask = 2147483647;
			files = (
			);
			inputPaths = (
			);
			name = "Copy Pods Resources";
			outputPaths = (
			);
			runOnlyForDeploymentPostprocessing = 0;
			shellPath = /bin/sh;
			shellScript = "\"${SRCROOT}/Pods/Target Support Files/Pods/Pods-resources.sh\"\n";
			showEnvVarsInLog = 0;
		};
		A9B9AF1701C8499123DFE4AF /* Embed Pods Frameworks */ = {
			isa = PBXShellScriptBuildPhase;
			buildActionMask = 2147483647;
			files = (
			);
			inputPaths = (
			);
			name = "Embed Pods Frameworks";
			outputPaths = (
			);
			runOnlyForDeploymentPostprocessing = 0;
			shellPath = /bin/sh;
			shellScript = "\"${SRCROOT}/Pods/Target Support Files/Pods/Pods-frameworks.sh\"\n";
			showEnvVarsInLog = 0;
		};
/* End PBXShellScriptBuildPhase section */

/* Begin PBXSourcesBuildPhase section */
		320493DC1B3F421F007B35E8 /* Sources */ = {
			isa = PBXSourcesBuildPhase;
			buildActionMask = 2147483647;
			files = (
				3271F4931B61921F005401D9 /* LoginViewController.swift in Sources */,
				320493E81B3F421F007B35E8 /* RootViewController.swift in Sources */,
				3271F4951B619430005401D9 /* SignUpViewController.swift in Sources */,
				320493E61B3F421F007B35E8 /* AppDelegate.swift in Sources */,
			);
			runOnlyForDeploymentPostprocessing = 0;
		};
		320493F51B3F421F007B35E8 /* Sources */ = {
			isa = PBXSourcesBuildPhase;
			buildActionMask = 2147483647;
			files = (
				320494001B3F421F007B35E8 /* globe_connectTests.swift in Sources */,
			);
			runOnlyForDeploymentPostprocessing = 0;
		};
/* End PBXSourcesBuildPhase section */

/* Begin PBXTargetDependency section */
		320493FB1B3F421F007B35E8 /* PBXTargetDependency */ = {
			isa = PBXTargetDependency;
			target = 320493DF1B3F421F007B35E8 /* globe_connect */;
			targetProxy = 320493FA1B3F421F007B35E8 /* PBXContainerItemProxy */;
		};
/* End PBXTargetDependency section */

/* Begin XCBuildConfiguration section */
		320494011B3F421F007B35E8 /* Debug */ = {
			isa = XCBuildConfiguration;
			buildSettings = {
				ALWAYS_SEARCH_USER_PATHS = NO;
				CLANG_CXX_LANGUAGE_STANDARD = "gnu++0x";
				CLANG_CXX_LIBRARY = "libc++";
				CLANG_ENABLE_MODULES = YES;
				CLANG_ENABLE_OBJC_ARC = YES;
				CLANG_WARN_BOOL_CONVERSION = YES;
				CLANG_WARN_CONSTANT_CONVERSION = YES;
				CLANG_WARN_DIRECT_OBJC_ISA_USAGE = YES_ERROR;
				CLANG_WARN_EMPTY_BODY = YES;
				CLANG_WARN_ENUM_CONVERSION = YES;
				CLANG_WARN_INT_CONVERSION = YES;
				CLANG_WARN_OBJC_ROOT_CLASS = YES_ERROR;
				CLANG_WARN_UNREACHABLE_CODE = YES;
				CLANG_WARN__DUPLICATE_METHOD_MATCH = YES;
				"CODE_SIGN_IDENTITY[sdk=iphoneos*]" = "iPhone Developer";
				COPY_PHASE_STRIP = NO;
				DEBUG_INFORMATION_FORMAT = "dwarf-with-dsym";
				ENABLE_STRICT_OBJC_MSGSEND = YES;
				ENABLE_TESTABILITY = YES;
				GCC_C_LANGUAGE_STANDARD = gnu99;
				GCC_DYNAMIC_NO_PIC = NO;
				GCC_NO_COMMON_BLOCKS = YES;
				GCC_OPTIMIZATION_LEVEL = 0;
				GCC_PREPROCESSOR_DEFINITIONS = (
					"DEBUG=1",
					"$(inherited)",
				);
				GCC_SYMBOLS_PRIVATE_EXTERN = NO;
				GCC_WARN_64_TO_32_BIT_CONVERSION = YES;
				GCC_WARN_ABOUT_RETURN_TYPE = YES_ERROR;
				GCC_WARN_UNDECLARED_SELECTOR = YES;
				GCC_WARN_UNINITIALIZED_AUTOS = YES_AGGRESSIVE;
				GCC_WARN_UNUSED_FUNCTION = YES;
				GCC_WARN_UNUSED_VARIABLE = YES;
				IPHONEOS_DEPLOYMENT_TARGET = 9.0;
				MTL_ENABLE_DEBUG_INFO = YES;
				ONLY_ACTIVE_ARCH = YES;
				SDKROOT = iphoneos;
				SWIFT_OPTIMIZATION_LEVEL = "-Onone";
			};
			name = Debug;
		};
		320494021B3F421F007B35E8 /* Release */ = {
			isa = XCBuildConfiguration;
			buildSettings = {
				ALWAYS_SEARCH_USER_PATHS = NO;
				CLANG_CXX_LANGUAGE_STANDARD = "gnu++0x";
				CLANG_CXX_LIBRARY = "libc++";
				CLANG_ENABLE_MODULES = YES;
				CLANG_ENABLE_OBJC_ARC = YES;
				CLANG_WARN_BOOL_CONVERSION = YES;
				CLANG_WARN_CONSTANT_CONVERSION = YES;
				CLANG_WARN_DIRECT_OBJC_ISA_USAGE = YES_ERROR;
				CLANG_WARN_EMPTY_BODY = YES;
				CLANG_WARN_ENUM_CONVERSION = YES;
				CLANG_WARN_INT_CONVERSION = YES;
				CLANG_WARN_OBJC_ROOT_CLASS = YES_ERROR;
				CLANG_WARN_UNREACHABLE_CODE = YES;
				CLANG_WARN__DUPLICATE_METHOD_MATCH = YES;
				"CODE_SIGN_IDENTITY[sdk=iphoneos*]" = "iPhone Developer";
				COPY_PHASE_STRIP = NO;
				DEBUG_INFORMATION_FORMAT = "dwarf-with-dsym";
				ENABLE_NS_ASSERTIONS = NO;
				ENABLE_STRICT_OBJC_MSGSEND = YES;
				GCC_C_LANGUAGE_STANDARD = gnu99;
				GCC_NO_COMMON_BLOCKS = YES;
				GCC_WARN_64_TO_32_BIT_CONVERSION = YES;
				GCC_WARN_ABOUT_RETURN_TYPE = YES_ERROR;
				GCC_WARN_UNDECLARED_SELECTOR = YES;
				GCC_WARN_UNINITIALIZED_AUTOS = YES_AGGRESSIVE;
				GCC_WARN_UNUSED_FUNCTION = YES;
				GCC_WARN_UNUSED_VARIABLE = YES;
				IPHONEOS_DEPLOYMENT_TARGET = 9.0;
				MTL_ENABLE_DEBUG_INFO = NO;
				SDKROOT = iphoneos;
				VALIDATE_PRODUCT = YES;
			};
			name = Release;
		};
		320494041B3F421F007B35E8 /* Debug */ = {
			isa = XCBuildConfiguration;
			baseConfigurationReference = DFA67DC8B23A908164524B5E /* Pods.debug.xcconfig */;
			buildSettings = {
				ASSETCATALOG_COMPILER_APPICON_NAME = AppIcon;
				INFOPLIST_FILE = globe_connect/Info.plist;
				IPHONEOS_DEPLOYMENT_TARGET = 8.4;
				LD_RUNPATH_SEARCH_PATHS = "$(inherited) @executable_path/Frameworks";
				PRODUCT_BUNDLE_IDENTIFIER = "Traveller-inc...$(PRODUCT_NAME:rfc1034identifier)";
				PRODUCT_NAME = "$(TARGET_NAME)";
				TARGETED_DEVICE_FAMILY = "1,2";
			};
			name = Debug;
		};
		320494051B3F421F007B35E8 /* Release */ = {
			isa = XCBuildConfiguration;
			baseConfigurationReference = F64E0F9AA5C0BD4FCEF19CB4 /* Pods.release.xcconfig */;
			buildSettings = {
				ASSETCATALOG_COMPILER_APPICON_NAME = AppIcon;
				INFOPLIST_FILE = globe_connect/Info.plist;
				IPHONEOS_DEPLOYMENT_TARGET = 8.4;
				LD_RUNPATH_SEARCH_PATHS = "$(inherited) @executable_path/Frameworks";
				PRODUCT_BUNDLE_IDENTIFIER = "Traveller-inc...$(PRODUCT_NAME:rfc1034identifier)";
				PRODUCT_NAME = "$(TARGET_NAME)";
				TARGETED_DEVICE_FAMILY = "1,2";
			};
			name = Release;
		};
		320494071B3F421F007B35E8 /* Debug */ = {
			isa = XCBuildConfiguration;
			buildSettings = {
				BUNDLE_LOADER = "$(TEST_HOST)";
				FRAMEWORK_SEARCH_PATHS = (
					"$(SDKROOT)/Developer/Library/Frameworks",
					"$(inherited)",
				);
				GCC_PREPROCESSOR_DEFINITIONS = (
					"DEBUG=1",
					"$(inherited)",
				);
				INFOPLIST_FILE = globe_connectTests/Info.plist;
				LD_RUNPATH_SEARCH_PATHS = "$(inherited) @executable_path/Frameworks @loader_path/Frameworks";
				PRODUCT_BUNDLE_IDENTIFIER = "Traveller-inc...$(PRODUCT_NAME:rfc1034identifier)";
				PRODUCT_NAME = "$(TARGET_NAME)";
				TEST_HOST = "$(BUILT_PRODUCTS_DIR)/globe_connect.app/globe_connect";
			};
			name = Debug;
		};
		320494081B3F421F007B35E8 /* Release */ = {
			isa = XCBuildConfiguration;
			buildSettings = {
				BUNDLE_LOADER = "$(TEST_HOST)";
				FRAMEWORK_SEARCH_PATHS = (
					"$(SDKROOT)/Developer/Library/Frameworks",
					"$(inherited)",
				);
				INFOPLIST_FILE = globe_connectTests/Info.plist;
				LD_RUNPATH_SEARCH_PATHS = "$(inherited) @executable_path/Frameworks @loader_path/Frameworks";
				PRODUCT_BUNDLE_IDENTIFIER = "Traveller-inc...$(PRODUCT_NAME:rfc1034identifier)";
				PRODUCT_NAME = "$(TARGET_NAME)";
				TEST_HOST = "$(BUILT_PRODUCTS_DIR)/globe_connect.app/globe_connect";
			};
			name = Release;
		};
/* End XCBuildConfiguration section */

/* Begin XCConfigurationList section */
		320493DB1B3F421F007B35E8 /* Build configuration list for PBXProject "globe_connect" */ = {
			isa = XCConfigurationList;
			buildConfigurations = (
				320494011B3F421F007B35E8 /* Debug */,
				320494021B3F421F007B35E8 /* Release */,
			);
			defaultConfigurationIsVisible = 0;
			defaultConfigurationName = Release;
		};
		320494031B3F421F007B35E8 /* Build configuration list for PBXNativeTarget "globe_connect" */ = {
			isa = XCConfigurationList;
			buildConfigurations = (
				320494041B3F421F007B35E8 /* Debug */,
				320494051B3F421F007B35E8 /* Release */,
			);
			defaultConfigurationIsVisible = 0;
			defaultConfigurationName = Release;
		};
		320494061B3F421F007B35E8 /* Build configuration list for PBXNativeTarget "globe_connectTests" */ = {
			isa = XCConfigurationList;
			buildConfigurations = (
				320494071B3F421F007B35E8 /* Debug */,
				320494081B3F421F007B35E8 /* Release */,
			);
			defaultConfigurationIsVisible = 0;
			defaultConfigurationName = Release;
		};
/* End XCConfigurationList section */
	};
	rootObject = 320493D81B3F421F007B35E8 /* Project object */;
}
